// !$*UTF8*$!
{
	archiveVersion = 1;
	classes = {
	};
	objectVersion = 46;
	objects = {

/* Begin PBXBuildFile section */
		B1E25D741F6CD34100C01166 /* AppDelegate.swift in Sources */ = {isa = PBXBuildFile; fileRef = B1E25D731F6CD34100C01166 /* AppDelegate.swift */; };
		B1E25D791F6CD34100C01166 /* Main.storyboard in Resources */ = {isa = PBXBuildFile; fileRef = B1E25D771F6CD34100C01166 /* Main.storyboard */; };
		B1E25D7B1F6CD34200C01166 /* Assets.xcassets in Resources */ = {isa = PBXBuildFile; fileRef = B1E25D7A1F6CD34200C01166 /* Assets.xcassets */; };
		B1E25D7E1F6CD34200C01166 /* LaunchScreen.storyboard in Resources */ = {isa = PBXBuildFile; fileRef = B1E25D7C1F6CD34200C01166 /* LaunchScreen.storyboard */; };
		B1E25D861F6CD3DE00C01166 /* ResForm.swift in Sources */ = {isa = PBXBuildFile; fileRef = B1E25D851F6CD3DE00C01166 /* ResForm.swift */; };
		B1E25D881F6CD40700C01166 /* TableForm.swift in Sources */ = {isa = PBXBuildFile; fileRef = B1E25D871F6CD40700C01166 /* TableForm.swift */; };
		B1E25D8A1F6CD50E00C01166 /* DBAccess.swift in Sources */ = {isa = PBXBuildFile; fileRef = B1E25D891F6CD50E00C01166 /* DBAccess.swift */; };
		B1E25D8D1F6CD70C00C01166 /* libsqlite3.tbd in Frameworks */ = {isa = PBXBuildFile; fileRef = B1E25D8C1F6CD70C00C01166 /* libsqlite3.tbd */; };
/* End PBXBuildFile section */

/* Begin PBXFileReference section */
		B1E25D701F6CD34100C01166 /* CattleRustlerSteakHouse.app */ = {isa = PBXFileReference; explicitFileType = wrapper.application; includeInIndex = 0; path = CattleRustlerSteakHouse.app; sourceTree = BUILT_PRODUCTS_DIR; };
		B1E25D731F6CD34100C01166 /* AppDelegate.swift */ = {isa = PBXFileReference; lastKnownFileType = sourcecode.swift; path = AppDelegate.swift; sourceTree = "<group>"; };
		B1E25D781F6CD34100C01166 /* Base */ = {isa = PBXFileReference; lastKnownFileType = file.storyboard; name = Base; path = Base.lproj/Main.storyboard; sourceTree = "<group>"; };
		B1E25D7A1F6CD34200C01166 /* Assets.xcassets */ = {isa = PBXFileReference; lastKnownFileType = folder.assetcatalog; path = Assets.xcassets; sourceTree = "<group>"; };
		B1E25D7D1F6CD34200C01166 /* Base */ = {isa = PBXFileReference; lastKnownFileType = file.storyboard; name = Base; path = Base.lproj/LaunchScreen.storyboard; sourceTree = "<group>"; };
		B1E25D7F1F6CD34200C01166 /* Info.plist */ = {isa = PBXFileReference; lastKnownFileType = text.plist.xml; path = Info.plist; sourceTree = "<group>"; };
		B1E25D851F6CD3DE00C01166 /* ResForm.swift */ = {isa = PBXFileReference; fileEncoding = 4; lastKnownFileType = sourcecode.swift; path = ResForm.swift; sourceTree = "<group>"; };
		B1E25D871F6CD40700C01166 /* TableForm.swift */ = {isa = PBXFileReference; fileEncoding = 4; lastKnownFileType = sourcecode.swift; path = TableForm.swift; sourceTree = "<group>"; };
		B1E25D891F6CD50E00C01166 /* DBAccess.swift */ = {isa = PBXFileReference; fileEncoding = 4; lastKnownFileType = sourcecode.swift; path = DBAccess.swift; sourceTree = "<group>"; };
		B1E25D8C1F6CD70C00C01166 /* libsqlite3.tbd */ = {isa = PBXFileReference; lastKnownFileType = "sourcecode.text-based-dylib-definition"; name = libsqlite3.tbd; path = usr/lib/libsqlite3.tbd; sourceTree = SDKROOT; };
		B1E25D8E1F6CD7B900C01166 /* CattleRustlerSteakHouse-Bridging-Header.h */ = {isa = PBXFileReference; lastKnownFileType = sourcecode.c.h; path = "CattleRustlerSteakHouse-Bridging-Header.h"; sourceTree = SOURCE_ROOT; };
/* End PBXFileReference section */

/* Begin PBXFrameworksBuildPhase section */
		B1E25D6D1F6CD34100C01166 /* Frameworks */ = {
			isa = PBXFrameworksBuildPhase;
			buildActionMask = 2147483647;
			files = (
				B1E25D8D1F6CD70C00C01166 /* libsqlite3.tbd in Frameworks */,
			);
			runOnlyForDeploymentPostprocessing = 0;
		};
/* End PBXFrameworksBuildPhase section */

/* Begin PBXGroup section */
		B1E25D671F6CD34100C01166 = {
			isa = PBXGroup;
			children = (
				B1E25D721F6CD34100C01166 /* CattleRustlerSteakHouse */,
				B1E25D711F6CD34100C01166 /* Products */,
				B1E25D8B1F6CD70C00C01166 /* Frameworks */,
			);
			sourceTree = "<group>";
		};
		B1E25D711F6CD34100C01166 /* Products */ = {
			isa = PBXGroup;
			children = (
				B1E25D701F6CD34100C01166 /* CattleRustlerSteakHouse.app */,
			);
			name = Products;
			sourceTree = "<group>";
		};
		B1E25D721F6CD34100C01166 /* CattleRustlerSteakHouse */ = {
			isa = PBXGroup;
			children = (
				B1E25D731F6CD34100C01166 /* AppDelegate.swift */,
				B1E25D851F6CD3DE00C01166 /* ResForm.swift */,
				B1E25D871F6CD40700C01166 /* TableForm.swift */,
				B1E25D891F6CD50E00C01166 /* DBAccess.swift */,
				B1E25D8E1F6CD7B900C01166 /* CattleRustlerSteakHouse-Bridging-Header.h */,
				B1E25D771F6CD34100C01166 /* Main.storyboard */,
				B1E25D7A1F6CD34200C01166 /* Assets.xcassets */,
				B1E25D7C1F6CD34200C01166 /* LaunchScreen.storyboard */,
				B1E25D7F1F6CD34200C01166 /* Info.plist */,
			);
			path = CattleRustlerSteakHouse;
			sourceTree = "<group>";
		};
		B1E25D8B1F6CD70C00C01166 /* Frameworks */ = {
			isa = PBXGroup;
			children = (
				B1E25D8C1F6CD70C00C01166 /* libsqlite3.tbd */,
			);
			name = Frameworks;
			sourceTree = "<group>";
		};
/* End PBXGroup section */

/* Begin PBXNativeTarget section */
		B1E25D6F1F6CD34100C01166 /* CattleRustlerSteakHouse */ = {
			isa = PBXNativeTarget;
			buildConfigurationList = B1E25D821F6CD34200C01166 /* Build configuration list for PBXNativeTarget "CattleRustlerSteakHouse" */;
			buildPhases = (
				B1E25D6C1F6CD34100C01166 /* Sources */,
				B1E25D6D1F6CD34100C01166 /* Frameworks */,
				B1E25D6E1F6CD34100C01166 /* Resources */,
			);
			buildRules = (
			);
			dependencies = (
			);
			name = CattleRustlerSteakHouse;
			productName = CattleRustlerSteakHouse;
			productReference = B1E25D701F6CD34100C01166 /* CattleRustlerSteakHouse.app */;
			productType = "com.apple.product-type.application";
		};
/* End PBXNativeTarget section */

/* Begin PBXProject section */
		B1E25D681F6CD34100C01166 /* Project object */ = {
			isa = PBXProject;
			attributes = {
				LastSwiftUpdateCheck = 0830;
				LastUpgradeCheck = 0830;
				ORGANIZATIONNAME = JohnDiczhazy;
				TargetAttributes = {
					B1E25D6F1F6CD34100C01166 = {
						CreatedOnToolsVersion = 8.3.3;
						LastSwiftMigration = 0830;
						ProvisioningStyle = Automatic;
					};
				};
			};
			buildConfigurationList = B1E25D6B1F6CD34100C01166 /* Build configuration list for PBXProject "CattleRustlerSteakHouse" */;
			compatibilityVersion = "Xcode 3.2";
			developmentRegion = English;
			hasScannedForEncodings = 0;
			knownRegions = (
				en,
				Base,
			);
			mainGroup = B1E25D671F6CD34100C01166;
			productRefGroup = B1E25D711F6CD34100C01166 /* Products */;
			projectDirPath = "";
			projectRoot = "";
			targets = (
				B1E25D6F1F6CD34100C01166 /* CattleRustlerSteakHouse */,
			);
		};
/* End PBXProject section */

/* Begin PBXResourcesBuildPhase section */
		B1E25D6E1F6CD34100C01166 /* Resources */ = {
			isa = PBXResourcesBuildPhase;
			buildActionMask = 2147483647;
			files = (
				B1E25D7E1F6CD34200C01166 /* LaunchScreen.storyboard in Resources */,
				B1E25D7B1F6CD34200C01166 /* Assets.xcassets in Resources */,
				B1E25D791F6CD34100C01166 /* Main.storyboard in Resources */,
			);
			runOnlyForDeploymentPostprocessing = 0;
		};
/* End PBXResourcesBuildPhase section */

/* Begin PBXSourcesBuildPhase section */
		B1E25D6C1F6CD34100C01166 /* Sources */ = {
			isa = PBXSourcesBuildPhase;
			buildActionMask = 2147483647;
			files = (
				B1E25D861F6CD3DE00C01166 /* ResForm.swift in Sources */,
				B1E25D8A1F6CD50E00C01166 /* DBAccess.swift in Sources */,
				B1E25D881F6CD40700C01166 /* TableForm.swift in Sources */,
				B1E25D741F6CD34100C01166 /* AppDelegate.swift in Sources */,
			);
			runOnlyForDeploymentPostprocessing = 0;
		};
/* End PBXSourcesBuildPhase section */

/* Begin PBXVariantGroup section */
		B1E25D771F6CD34100C01166 /* Main.storyboard */ = {
			isa = PBXVariantGroup;
			children = (
				B1E25D781F6CD34100C01166 /* Base */,
			);
			name = Main.storyboard;
			sourceTree = "<group>";
		};
		B1E25D7C1F6CD34200C01166 /* LaunchScreen.storyboard */ = {
			isa = PBXVariantGroup;
			children = (
				B1E25D7D1F6CD34200C01166 /* Base */,
			);
			name = LaunchScreen.storyboard;
			sourceTree = "<group>";
		};
/* End PBXVariantGroup section */

/* Begin XCBuildConfiguration section */
		B1E25D801F6CD34200C01166 /* Debug */ = {
			isa = XCBuildConfiguration;
			buildSettings = {
				ALWAYS_SEARCH_USER_PATHS = NO;
				CLANG_ANALYZER_NONNULL = YES;
				CLANG_ANALYZER_NUMBER_OBJECT_CONVERSION = YES_AGGRESSIVE;
				CLANG_CXX_LANGUAGE_STANDARD = "gnu++0x";
				CLANG_CXX_LIBRARY = "libc++";
				CLANG_ENABLE_MODULES = YES;
				CLANG_ENABLE_OBJC_ARC = YES;
				CLANG_WARN_BOOL_CONVERSION = YES;
				CLANG_WARN_CONSTANT_CONVERSION = YES;
				CLANG_WARN_DIRECT_OBJC_ISA_USAGE = YES_ERROR;
				CLANG_WARN_DOCUMENTATION_COMMENTS = YES;
				CLANG_WARN_EMPTY_BODY = YES;
				CLANG_WARN_ENUM_CONVERSION = YES;
				CLANG_WARN_INFINITE_RECURSION = YES;
				CLANG_WARN_INT_CONVERSION = YES;
				CLANG_WARN_OBJC_ROOT_CLASS = YES_ERROR;
				CLANG_WARN_SUSPICIOUS_MOVE = YES;
				CLANG_WARN_UNREACHABLE_CODE = YES;
				CLANG_WARN__DUPLICATE_METHOD_MATCH = YES;
				"CODE_SIGN_IDENTITY[sdk=iphoneos*]" = "iPhone Developer";
				COPY_PHASE_STRIP = NO;
				DEBUG_INFORMATION_FORMAT = dwarf;
				ENABLE_STRICT_OBJC_MSGSEND = YES;
				ENABLE_TESTABILITY = YES;
				GCC_C_LANGUAGE_STANDARD = gnu99;
				GCC_DYNAMIC_NO_PIC = NO;
				GCC_NO_COMMON_BLOCKS = YES;
				GCC_OPTIMIZATION_LEVEL = 0;
				GCC_PREPROCESSOR_DEFINITIONS = (
					"DEBUG=1",
					"$(inherited)",
				);
				GCC_WARN_64_TO_32_BIT_CONVERSION = YES;
				GCC_WARN_ABOUT_RETURN_TYPE = YES_ERROR;
				GCC_WARN_UNDECLARED_SELECTOR = YES;
				GCC_WARN_UNINITIALIZED_AUTOS = YES_AGGRESSIVE;
				GCC_WARN_UNUSED_FUNCTION = YES;
				GCC_WARN_UNUSED_VARIABLE = YES;
				IPHONEOS_DEPLOYMENT_TARGET = 10.3;
				MTL_ENABLE_DEBUG_INFO = YES;
				ONLY_ACTIVE_ARCH = YES;
				SDKROOT = iphoneos;
				SWIFT_ACTIVE_COMPILATION_CONDITIONS = DEBUG;
				SWIFT_OPTIMIZATION_LEVEL = "-Onone";
			};
			name = Debug;
		};
		B1E25D811F6CD34200C01166 /* Release */ = {
			isa = XCBuildConfiguration;
			buildSettings = {
				ALWAYS_SEARCH_USER_PATHS = NO;
				CLANG_ANALYZER_NONNULL = YES;
				CLANG_ANALYZER_NUMBER_OBJECT_CONVERSION = YES_AGGRESSIVE;
				CLANG_CXX_LANGUAGE_STANDARD = "gnu++0x";
				CLANG_CXX_LIBRARY = "libc++";
				CLANG_ENABLE_MODULES = YES;
				CLANG_ENABLE_OBJC_ARC = YES;
				CLANG_WARN_BOOL_CONVERSION = YES;
				CLANG_WARN_CONSTANT_CONVERSION = YES;
				CLANG_WARN_DIRECT_OBJC_ISA_USAGE = YES_ERROR;
				CLANG_WARN_DOCUMENTATION_COMMENTS = YES;
				CLANG_WARN_EMPTY_BODY = YES;
				CLANG_WARN_ENUM_CONVERSION = YES;
				CLANG_WARN_INFINITE_RECURSION = YES;
				CLANG_WARN_INT_CONVERSION = YES;
				CLANG_WARN_OBJC_ROOT_CLASS = YES_ERROR;
				CLANG_WARN_SUSPICIOUS_MOVE = YES;
				CLANG_WARN_UNREACHABLE_CODE = YES;
				CLANG_WARN__DUPLICATE_METHOD_MATCH = YES;
				"CODE_SIGN_IDENTITY[sdk=iphoneos*]" = "iPhone Developer";
				COPY_PHASE_STRIP = NO;
				DEBUG_INFORMATION_FORMAT = "dwarf-with-dsym";
				ENABLE_NS_ASSERTIONS = NO;
				ENABLE_STRICT_OBJC_MSGSEND = YES;
				GCC_C_LANGUAGE_STANDARD = gnu99;
				GCC_NO_COMMON_BLOCKS = YES;
				GCC_WARN_64_TO_32_BIT_CONVERSION = YES;
				GCC_WARN_ABOUT_RETURN_TYPE = YES_ERROR;
				GCC_WARN_UNDECLARED_SELECTOR = YES;
				GCC_WARN_UNINITIALIZED_AUTOS = YES_AGGRESSIVE;
				GCC_WARN_UNUSED_FUNCTION = YES;
				GCC_WARN_UNUSED_VARIABLE = YES;
				IPHONEOS_DEPLOYMENT_TARGET = 10.3;
				MTL_ENABLE_DEBUG_INFO = NO;
				SDKROOT = iphoneos;
				SWIFT_OPTIMIZATION_LEVEL = "-Owholemodule";
				VALIDATE_PRODUCT = YES;
			};
			name = Release;
		};
		B1E25D831F6CD34200C01166 /* Debug */ = {
			isa = XCBuildConfiguration;
			buildSettings = {
				ASSETCATALOG_COMPILER_APPICON_NAME = AppIcon;
				CLANG_ENABLE_MODULES = YES;
				INFOPLIST_FILE = CattleRustlerSteakHouse/Info.plist;
				LD_RUNPATH_SEARCH_PATHS = "$(inherited) @executable_path/Frameworks";
				PRODUCT_BUNDLE_IDENTIFIER = com.jdiczhazy.CattleRustlerSteakHouse;
				PRODUCT_NAME = "$(TARGET_NAME)";
				SWIFT_OBJC_BRIDGING_HEADER = "CattleRustlerSteakHouse-Bridging-Header.h";
				SWIFT_OPTIMIZATION_LEVEL = "-Onone";
				SWIFT_VERSION = 3.0;
			};
			name = Debug;
		};
		B1E25D841F6CD34200C01166 /* Release */ = {
			isa = XCBuildConfiguration;
			buildSettings = {
				ASSETCATALOG_COMPILER_APPICON_NAME = AppIcon;
				CLANG_ENABLE_MODULES = YES;
				INFOPLIST_FILE = CattleRustlerSteakHouse/Info.plist;
				LD_RUNPATH_SEARCH_PATHS = "$(inherited) @executable_path/Frameworks";
				PRODUCT_BUNDLE_IDENTIFIER = com.jdiczhazy.CattleRustlerSteakHouse;
				PRODUCT_NAME = "$(TARGET_NAME)";
				SWIFT_OBJC_BRIDGING_HEADER = "CattleRustlerSteakHouse-Bridging-Header.h";
				SWIFT_VERSION = 3.0;
			};
			name = Release;
		};
/* End XCBuildConfiguration section */

/* Begin XCConfigurationList section */
		B1E25D6B1F6CD34100C01166 /* Build configuration list for PBXProject "CattleRustlerSteakHouse" */ = {
			isa = XCConfigurationList;
			buildConfigurations = (
				B1E25D801F6CD34200C01166 /* Debug */,
				B1E25D811F6CD34200C01166 /* Release */,
			);
			defaultConfigurationIsVisible = 0;
			defaultConfigurationName = Release;
		};
		B1E25D821F6CD34200C01166 /* Build configuration list for PBXNativeTarget "CattleRustlerSteakHouse" */ = {
			isa = XCConfigurationList;
			buildConfigurations = (
				B1E25D831F6CD34200C01166 /* Debug */,
				B1E25D841F6CD34200C01166 /* Release */,
			);
			defaultConfigurationIsVisible = 0;
		};
/* End XCConfigurationList section */
	};
	rootObject = B1E25D681F6CD34100C01166 /* Project object */;
}
